
Microsoft Visual Studio Solution File, Format Version 12.00
# Visual Studio 15
VisualStudioVersion = 15.0.27703.2026
MinimumVisualStudioVersion = 10.0.40219.1
Project("{9A19103F-16F7-4668-BE54-9A1E7A4F7556}") = "TestBedB", "TestBedB\TestBedB.csproj", "{7BB4F476-708F-4FF4-9635-19DC5B9516F5}"
EndProject
Project("{FAE04EC0-301F-11D3-BF4B-00C04F79EFBC}") = "CensusProcessing", "CensusProcessing\CensusProcessing.csproj", "{1055EC87-F985-4900-B7D0-306E946FBE1C}"
EndProject
Project("{9A19103F-16F7-4668-BE54-9A1E7A4F7556}") = "TestBedConsole", "TestBedConsole\TestBedConsole.csproj", "{0CE360FC-9511-402F-A03C-6F0BBBBC0A81}"
EndProject
Project("{9A19103F-16F7-4668-BE54-9A1E7A4F7556}") = "QueryStringProcessing", "QueryString\QueryStringProcessing.csproj", "{68EB1328-98EA-401E-BE76-CCE0BBDA5515}"
EndProject
Project("{9A19103F-16F7-4668-BE54-9A1E7A4F7556}") = "ConfigPropertyMapping", "ConfigPropertyMapping\ConfigPropertyMapping.csproj", "{55DCB57A-6ABB-40EA-BFC2-A1DD7AC3FB75}"
EndProject
Project("{9A19103F-16F7-4668-BE54-9A1E7A4F7556}") = "WordFunnelChallenge", "WordFunnelChallenge\WordFunnelChallenge.csproj", "{D457394B-2A27-4E3E-A969-2FF75ACD19DB}"
EndProject
Project("{9A19103F-16F7-4668-BE54-9A1E7A4F7556}") = "HexColors", "HexColors\HexColors.csproj", "{E639DF74-8D88-462F-9BA3-007A39DD3C14}"
EndProject
Project("{9A19103F-16F7-4668-BE54-9A1E7A4F7556}") = "Derangement", "Derangement\Derangement.csproj", "{2CF7A816-136A-4DA3-88D1-4177C9B0C265}"
EndProject
Project("{9A19103F-16F7-4668-BE54-9A1E7A4F7556}") = "Performance", "Performance\Performance.csproj", "{E98C863B-B2E2-4D47-BAEA-C620291EC0C5}"
EndProject
Project("{9A19103F-16F7-4668-BE54-9A1E7A4F7556}") = "UPC", "UPC\UPC.csproj", "{2E9F98A6-2649-4631-8E9F-889BD9581064}"
EndProject
Project("{9A19103F-16F7-4668-BE54-9A1E7A4F7556}") = "ProjectEuler", "ProjectEuler\ProjectEuler.csproj", "{32974F00-F631-4BBD-AD30-3A4898C22BB7}"
EndProject
Project("{FAE04EC0-301F-11D3-BF4B-00C04F79EFBC}") = "NQueensProblem", "NQueensProblem\NQueensProblem.csproj", "{C71EBD7B-E825-437F-AD55-7E896DB40341}"
EndProject
Project("{FAE04EC0-301F-11D3-BF4B-00C04F79EFBC}") = "Logging", "Logging\Logging.csproj", "{6C449988-DA59-4C19-B740-FFF4E25918D0}"
EndProject
Global
	GlobalSection(SolutionConfigurationPlatforms) = preSolution
		Debug|Any CPU = Debug|Any CPU
		Release|Any CPU = Release|Any CPU
	EndGlobalSection
	GlobalSection(ProjectConfigurationPlatforms) = postSolution
		{7BB4F476-708F-4FF4-9635-19DC5B9516F5}.Debug|Any CPU.ActiveCfg = Debug|Any CPU
		{7BB4F476-708F-4FF4-9635-19DC5B9516F5}.Debug|Any CPU.Build.0 = Debug|Any CPU
		{7BB4F476-708F-4FF4-9635-19DC5B9516F5}.Release|Any CPU.ActiveCfg = Release|Any CPU
		{7BB4F476-708F-4FF4-9635-19DC5B9516F5}.Release|Any CPU.Build.0 = Release|Any CPU
		{1055EC87-F985-4900-B7D0-306E946FBE1C}.Debug|Any CPU.ActiveCfg = Debug|Any CPU
		{1055EC87-F985-4900-B7D0-306E946FBE1C}.Debug|Any CPU.Build.0 = Debug|Any CPU
		{1055EC87-F985-4900-B7D0-306E946FBE1C}.Release|Any CPU.ActiveCfg = Release|Any CPU
		{1055EC87-F985-4900-B7D0-306E946FBE1C}.Release|Any CPU.Build.0 = Release|Any CPU
		{0CE360FC-9511-402F-A03C-6F0BBBBC0A81}.Debug|Any CPU.ActiveCfg = Debug|Any CPU
		{0CE360FC-9511-402F-A03C-6F0BBBBC0A81}.Debug|Any CPU.Build.0 = Debug|Any CPU
		{0CE360FC-9511-402F-A03C-6F0BBBBC0A81}.Release|Any CPU.ActiveCfg = Release|Any CPU
		{0CE360FC-9511-402F-A03C-6F0BBBBC0A81}.Release|Any CPU.Build.0 = Release|Any CPU
		{68EB1328-98EA-401E-BE76-CCE0BBDA5515}.Debug|Any CPU.ActiveCfg = Debug|Any CPU
		{68EB1328-98EA-401E-BE76-CCE0BBDA5515}.Debug|Any CPU.Build.0 = Debug|Any CPU
		{68EB1328-98EA-401E-BE76-CCE0BBDA5515}.Release|Any CPU.ActiveCfg = Release|Any CPU
		{68EB1328-98EA-401E-BE76-CCE0BBDA5515}.Release|Any CPU.Build.0 = Release|Any CPU
		{55DCB57A-6ABB-40EA-BFC2-A1DD7AC3FB75}.Debug|Any CPU.ActiveCfg = Debug|Any CPU
		{55DCB57A-6ABB-40EA-BFC2-A1DD7AC3FB75}.Debug|Any CPU.Build.0 = Debug|Any CPU
		{55DCB57A-6ABB-40EA-BFC2-A1DD7AC3FB75}.Release|Any CPU.ActiveCfg = Release|Any CPU
		{55DCB57A-6ABB-40EA-BFC2-A1DD7AC3FB75}.Release|Any CPU.Build.0 = Release|Any CPU
		{D457394B-2A27-4E3E-A969-2FF75ACD19DB}.Debug|Any CPU.ActiveCfg = Debug|Any CPU
		{D457394B-2A27-4E3E-A969-2FF75ACD19DB}.Debug|Any CPU.Build.0 = Debug|Any CPU
		{D457394B-2A27-4E3E-A969-2FF75ACD19DB}.Release|Any CPU.ActiveCfg = Release|Any CPU
		{D457394B-2A27-4E3E-A969-2FF75ACD19DB}.Release|Any CPU.Build.0 = Release|Any CPU
		{E639DF74-8D88-462F-9BA3-007A39DD3C14}.Debug|Any CPU.ActiveCfg = Debug|Any CPU
		{E639DF74-8D88-462F-9BA3-007A39DD3C14}.Debug|Any CPU.Build.0 = Debug|Any CPU
		{E639DF74-8D88-462F-9BA3-007A39DD3C14}.Release|Any CPU.ActiveCfg = Release|Any CPU
		{E639DF74-8D88-462F-9BA3-007A39DD3C14}.Release|Any CPU.Build.0 = Release|Any CPU
		{2CF7A816-136A-4DA3-88D1-4177C9B0C265}.Debug|Any CPU.ActiveCfg = Debug|Any CPU
		{2CF7A816-136A-4DA3-88D1-4177C9B0C265}.Debug|Any CPU.Build.0 = Debug|Any CPU
		{2CF7A816-136A-4DA3-88D1-4177C9B0C265}.Release|Any CPU.ActiveCfg = Release|Any CPU
		{2CF7A816-136A-4DA3-88D1-4177C9B0C265}.Release|Any CPU.Build.0 = Release|Any CPU
		{E98C863B-B2E2-4D47-BAEA-C620291EC0C5}.Debug|Any CPU.ActiveCfg = Debug|Any CPU
		{E98C863B-B2E2-4D47-BAEA-C620291EC0C5}.Debug|Any CPU.Build.0 = Debug|Any CPU
		{E98C863B-B2E2-4D47-BAEA-C620291EC0C5}.Release|Any CPU.ActiveCfg = Release|Any CPU
		{E98C863B-B2E2-4D47-BAEA-C620291EC0C5}.Release|Any CPU.Build.0 = Release|Any CPU
		{2E9F98A6-2649-4631-8E9F-889BD9581064}.Debug|Any CPU.ActiveCfg = Debug|Any CPU
		{2E9F98A6-2649-4631-8E9F-889BD9581064}.Debug|Any CPU.Build.0 = Debug|Any CPU
		{2E9F98A6-2649-4631-8E9F-889BD9581064}.Release|Any CPU.ActiveCfg = Release|Any CPU
		{2E9F98A6-2649-4631-8E9F-889BD9581064}.Release|Any CPU.Build.0 = Release|Any CPU
		{32974F00-F631-4BBD-AD30-3A4898C22BB7}.Debug|Any CPU.ActiveCfg = Debug|Any CPU
		{32974F00-F631-4BBD-AD30-3A4898C22BB7}.Debug|Any CPU.Build.0 = Debug|Any CPU
		{32974F00-F631-4BBD-AD30-3A4898C22BB7}.Release|Any CPU.ActiveCfg = Release|Any CPU
		{32974F00-F631-4BBD-AD30-3A4898C22BB7}.Release|Any CPU.Build.0 = Release|Any CPU
		{C71EBD7B-E825-437F-AD55-7E896DB40341}.Debug|Any CPU.ActiveCfg = Debug|Any CPU
		{C71EBD7B-E825-437F-AD55-7E896DB40341}.Debug|Any CPU.Build.0 = Debug|Any CPU
		{C71EBD7B-E825-437F-AD55-7E896DB40341}.Release|Any CPU.ActiveCfg = Release|Any CPU
		{C71EBD7B-E825-437F-AD55-7E896DB40341}.Release|Any CPU.Build.0 = Release|Any CPU
		{6C449988-DA59-4C19-B740-FFF4E25918D0}.Debug|Any CPU.ActiveCfg = Debug|Any CPU
		{6C449988-DA59-4C19-B740-FFF4E25918D0}.Debug|Any CPU.Build.0 = Debug|Any CPU
		{6C449988-DA59-4C19-B740-FFF4E25918D0}.Release|Any CPU.ActiveCfg = Release|Any CPU
		{6C449988-DA59-4C19-B740-FFF4E25918D0}.Release|Any CPU.Build.0 = Release|Any CPU
	EndGlobalSection
	GlobalSection(SolutionProperties) = preSolution
		HideSolutionNode = FALSE
	EndGlobalSection
	GlobalSection(ExtensibilityGlobals) = postSolution
		SolutionGuid = {CE5AB542-E9BA-4A2D-8177-671550348277}
	EndGlobalSection
EndGlobal
